
Microsoft Visual Studio Solution File, Format Version 12.00
# Visual Studio 15
VisualStudioVersion = 15.0.27130.2020
MinimumVisualStudioVersion = 10.0.40219.1
Project("{FAE04EC0-301F-11D3-BF4B-00C04F79EFBC}") = "KP2J_Projekat", "KP2J_Projekat\KP2J_Projekat.csproj", "{549E09AF-D3EE-430D-8DDB-78CB37555D02}"
EndProject
Global
	GlobalSection(SolutionConfigurationPlatforms) = preSolution
		Debug|Any CPU = Debug|Any CPU
		Release|Any CPU = Release|Any CPU
	EndGlobalSection
	GlobalSection(ProjectConfigurationPlatforms) = postSolution
		{549E09AF-D3EE-430D-8DDB-78CB37555D02}.Debug|Any CPU.ActiveCfg = Debug|Any CPU
		{549E09AF-D3EE-430D-8DDB-78CB37555D02}.Debug|Any CPU.Build.0 = Debug|Any CPU
		{549E09AF-D3EE-430D-8DDB-78CB37555D02}.Release|Any CPU.ActiveCfg = Release|Any CPU
		{549E09AF-D3EE-430D-8DDB-78CB37555D02}.Release|Any CPU.Build.0 = Release|Any CPU
	EndGlobalSection
	GlobalSection(SolutionProperties) = preSolution
		HideSolutionNode = FALSE
	EndGlobalSection
	GlobalSection(ExtensibilityGlobals) = postSolution
		SolutionGuid = {CCFF1384-AB3A-472C-8BD9-9299A7F792EE}
	EndGlobalSection
EndGlobal
